
Microsoft Visual Studio Solution File, Format Version 12.00
# Visual Studio Version 17
VisualStudioVersion = 17.14.36401.2 d17.14
MinimumVisualStudioVersion = 10.0.40219.1
Project("{FAE04EC0-301F-11D3-BF4B-00C04F79EFBC}") = "TestAssessmentSavenko", "TestAssessmentSavenko\TestAssessmentSavenko.csproj", "{230969AB-D148-482A-BEBB-A1CC0FB2487D}"
EndProject
Project("{2150E333-8FDC-42A3-9474-1A3956D46DE8}") = "DatabaseWrappers", "DatabaseWrappers", "{02EA681E-C7D8-13C7-8484-4AC65E1B71E8}"
	ProjectSection(SolutionItems) = preProject
		TaxiOrdersTableWrapper.sql = TaxiOrdersTableWrapper.sql
	EndProjectSection
EndProject
Global
	GlobalSection(SolutionConfigurationPlatforms) = preSolution
		Debug|Any CPU = Debug|Any CPU
		Release|Any CPU = Release|Any CPU
	EndGlobalSection
	GlobalSection(ProjectConfigurationPlatforms) = postSolution
		{230969AB-D148-482A-BEBB-A1CC0FB2487D}.Debug|Any CPU.ActiveCfg = Debug|Any CPU
		{230969AB-D148-482A-BEBB-A1CC0FB2487D}.Debug|Any CPU.Build.0 = Debug|Any CPU
		{230969AB-D148-482A-BEBB-A1CC0FB2487D}.Release|Any CPU.ActiveCfg = Release|Any CPU
		{230969AB-D148-482A-BEBB-A1CC0FB2487D}.Release|Any CPU.Build.0 = Release|Any CPU
	EndGlobalSection
	GlobalSection(SolutionProperties) = preSolution
		HideSolutionNode = FALSE
	EndGlobalSection
	GlobalSection(ExtensibilityGlobals) = postSolution
		SolutionGuid = {176654D6-5A4B-476D-9054-801BA32B8346}
	EndGlobalSection
EndGlobal
